
Microsoft Visual Studio Solution File, Format Version 12.00
# Visual Studio 15
VisualStudioVersion = 15.0.28010.2036
MinimumVisualStudioVersion = 10.0.40219.1
Project("{2150E333-8FDC-42A3-9474-1A3956D46DE8}") = "src", "src", "{2C7CE744-D8F6-477E-86EC-06795C053259}"
EndProject
Project("{2150E333-8FDC-42A3-9474-1A3956D46DE8}") = "tst", "tst", "{C5F708DB-01C4-417C-8058-1027C665CB11}"
EndProject
Project("{FAE04EC0-301F-11D3-BF4B-00C04F79EFBC}") = "QuoteFetcher.UnitTests", "QuoteFetcher.UnitTests\QuoteFetcher.UnitTests.csproj", "{FC991191-4E3B-4A83-B388-0338C073D50F}"
EndProject
Project("{FAE04EC0-301F-11D3-BF4B-00C04F79EFBC}") = "QuoteFetcher.Application", "QuoteFetcher.Application\QuoteFetcher.Application.csproj", "{17EF6EE7-6B39-49E3-BB7A-4552CF76068B}"
EndProject
Project("{FAE04EC0-301F-11D3-BF4B-00C04F79EFBC}") = "QuoteFetcher.Application.UnitTests", "QuoteFetcher.Application.UnitTests\QuoteFetcher.Application.UnitTests.csproj", "{84DE1FA0-F06E-4D34-BC21-B1B7A896719C}"
EndProject
Project("{FAE04EC0-301F-11D3-BF4B-00C04F79EFBC}") = "QuoteFetcher.ArchitectureTests", "QuoteFetcher.ArchitectureTests\QuoteFetcher.ArchitectureTests.csproj", "{6DFB3359-1F4F-47A4-BB22-B64284A269B4}"
EndProject
Project("{FAE04EC0-301F-11D3-BF4B-00C04F79EFBC}") = "QuoteFetcher.Client.Console", "QuoteFetcher.Client.Console\QuoteFetcher.Client.Console.csproj", "{95DB3FEE-9B87-4667-82CD-2DB3E7F36BCF}"
EndProject
Project("{FAE04EC0-301F-11D3-BF4B-00C04F79EFBC}") = "QuoteFetcher.Api", "QuoteFetcher.Api\QuoteFetcher.Api.csproj", "{E72E65FF-6A08-46D2-80E1-06A49FB079EA}"
EndProject
Project("{FAE04EC0-301F-11D3-BF4B-00C04F79EFBC}") = "QuoteFetcher.Api.IntegrationTests", "QuoteFetcher.Api.IntegrationTests\QuoteFetcher.Api.IntegrationTests.csproj", "{07C413C9-B76B-4B78-B311-3919A948C986}"
EndProject
Global
	GlobalSection(SolutionConfigurationPlatforms) = preSolution
		Debug|Any CPU = Debug|Any CPU
		Release|Any CPU = Release|Any CPU
	EndGlobalSection
	GlobalSection(ProjectConfigurationPlatforms) = postSolution
		{FC991191-4E3B-4A83-B388-0338C073D50F}.Debug|Any CPU.ActiveCfg = Debug|Any CPU
		{FC991191-4E3B-4A83-B388-0338C073D50F}.Debug|Any CPU.Build.0 = Debug|Any CPU
		{FC991191-4E3B-4A83-B388-0338C073D50F}.Release|Any CPU.ActiveCfg = Release|Any CPU
		{FC991191-4E3B-4A83-B388-0338C073D50F}.Release|Any CPU.Build.0 = Release|Any CPU
		{17EF6EE7-6B39-49E3-BB7A-4552CF76068B}.Debug|Any CPU.ActiveCfg = Debug|Any CPU
		{17EF6EE7-6B39-49E3-BB7A-4552CF76068B}.Debug|Any CPU.Build.0 = Debug|Any CPU
		{17EF6EE7-6B39-49E3-BB7A-4552CF76068B}.Release|Any CPU.ActiveCfg = Release|Any CPU
		{17EF6EE7-6B39-49E3-BB7A-4552CF76068B}.Release|Any CPU.Build.0 = Release|Any CPU
		{84DE1FA0-F06E-4D34-BC21-B1B7A896719C}.Debug|Any CPU.ActiveCfg = Debug|Any CPU
		{84DE1FA0-F06E-4D34-BC21-B1B7A896719C}.Debug|Any CPU.Build.0 = Debug|Any CPU
		{84DE1FA0-F06E-4D34-BC21-B1B7A896719C}.Release|Any CPU.ActiveCfg = Release|Any CPU
		{84DE1FA0-F06E-4D34-BC21-B1B7A896719C}.Release|Any CPU.Build.0 = Release|Any CPU
		{6DFB3359-1F4F-47A4-BB22-B64284A269B4}.Debug|Any CPU.ActiveCfg = Debug|Any CPU
		{6DFB3359-1F4F-47A4-BB22-B64284A269B4}.Debug|Any CPU.Build.0 = Debug|Any CPU
		{6DFB3359-1F4F-47A4-BB22-B64284A269B4}.Release|Any CPU.ActiveCfg = Release|Any CPU
		{6DFB3359-1F4F-47A4-BB22-B64284A269B4}.Release|Any CPU.Build.0 = Release|Any CPU
		{95DB3FEE-9B87-4667-82CD-2DB3E7F36BCF}.Debug|Any CPU.ActiveCfg = Debug|Any CPU
		{95DB3FEE-9B87-4667-82CD-2DB3E7F36BCF}.Debug|Any CPU.Build.0 = Debug|Any CPU
		{95DB3FEE-9B87-4667-82CD-2DB3E7F36BCF}.Release|Any CPU.ActiveCfg = Release|Any CPU
		{95DB3FEE-9B87-4667-82CD-2DB3E7F36BCF}.Release|Any CPU.Build.0 = Release|Any CPU
		{E72E65FF-6A08-46D2-80E1-06A49FB079EA}.Debug|Any CPU.ActiveCfg = Debug|Any CPU
		{E72E65FF-6A08-46D2-80E1-06A49FB079EA}.Debug|Any CPU.Build.0 = Debug|Any CPU
		{E72E65FF-6A08-46D2-80E1-06A49FB079EA}.Release|Any CPU.ActiveCfg = Release|Any CPU
		{E72E65FF-6A08-46D2-80E1-06A49FB079EA}.Release|Any CPU.Build.0 = Release|Any CPU
		{07C413C9-B76B-4B78-B311-3919A948C986}.Debug|Any CPU.ActiveCfg = Debug|Any CPU
		{07C413C9-B76B-4B78-B311-3919A948C986}.Debug|Any CPU.Build.0 = Debug|Any CPU
		{07C413C9-B76B-4B78-B311-3919A948C986}.Release|Any CPU.ActiveCfg = Release|Any CPU
		{07C413C9-B76B-4B78-B311-3919A948C986}.Release|Any CPU.Build.0 = Release|Any CPU
	EndGlobalSection
	GlobalSection(SolutionProperties) = preSolution
		HideSolutionNode = FALSE
	EndGlobalSection
	GlobalSection(ExtensibilityGlobals) = postSolution
		SolutionGuid = {CF17FCE6-F577-4E9A-9C82-1BEF64EA47F9}
	EndGlobalSection
	GlobalSection(NestedProjects) = preSolution
		{FC991191-4E3B-4A83-B388-0338C073D50F} = {C5F708DB-01C4-417C-8058-1027C665CB11}
		{17EF6EE7-6B39-49E3-BB7A-4552CF76068B} = {2C7CE744-D8F6-477E-86EC-06795C053259}
		{84DE1FA0-F06E-4D34-BC21-B1B7A896719C} = {C5F708DB-01C4-417C-8058-1027C665CB11}
		{6DFB3359-1F4F-47A4-BB22-B64284A269B4} = {C5F708DB-01C4-417C-8058-1027C665CB11}
		{95DB3FEE-9B87-4667-82CD-2DB3E7F36BCF} = {2C7CE744-D8F6-477E-86EC-06795C053259}
		{E72E65FF-6A08-46D2-80E1-06A49FB079EA} = {2C7CE744-D8F6-477E-86EC-06795C053259}
		{07C413C9-B76B-4B78-B311-3919A948C986} = {C5F708DB-01C4-417C-8058-1027C665CB11}
	EndGlobalSection
EndGlobal
